// !$*UTF8*$!
{
	archiveVersion = 1;
	classes = {
	};
	objectVersion = 56;
	objects = {

/* Begin PBXBuildFile section */
		2180190F2A7265FA002BF761 /* ConcurrencyBCApp.swift in Sources */ = {isa = PBXBuildFile; fileRef = 2180190E2A7265FA002BF761 /* ConcurrencyBCApp.swift */; };
		218019112A7265FA002BF761 /* ContentView.swift in Sources */ = {isa = PBXBuildFile; fileRef = 218019102A7265FA002BF761 /* ContentView.swift */; };
		218019132A7265FD002BF761 /* Assets.xcassets in Resources */ = {isa = PBXBuildFile; fileRef = 218019122A7265FD002BF761 /* Assets.xcassets */; };
		218019162A7265FD002BF761 /* Preview Assets.xcassets in Resources */ = {isa = PBXBuildFile; fileRef = 218019152A7265FD002BF761 /* Preview Assets.xcassets */; };
		2180191D2A726617002BF761 /* DoCatchTryThrowBC.swift in Sources */ = {isa = PBXBuildFile; fileRef = 2180191C2A726617002BF761 /* DoCatchTryThrowBC.swift */; };
		21A602692A79234E00A9E08F /* TaskBC.swift in Sources */ = {isa = PBXBuildFile; fileRef = 21A602682A79234E00A9E08F /* TaskBC.swift */; };
		21A6026B2A79372300A9E08F /* AsyncLetBC.swift in Sources */ = {isa = PBXBuildFile; fileRef = 21A6026A2A79372300A9E08F /* AsyncLetBC.swift */; };
		21A6026D2A7950F800A9E08F /* TaskGroupBC.swift in Sources */ = {isa = PBXBuildFile; fileRef = 21A6026C2A7950F800A9E08F /* TaskGroupBC.swift */; };
		21CAC4DE2A78F0CF008F005C /* DownloadImageAsync.swift in Sources */ = {isa = PBXBuildFile; fileRef = 21CAC4DD2A78F0CF008F005C /* DownloadImageAsync.swift */; };
		21CAC4E02A79028B008F005C /* AsyncAwaitBC.swift in Sources */ = {isa = PBXBuildFile; fileRef = 21CAC4DF2A79028B008F005C /* AsyncAwaitBC.swift */; };
/* End PBXBuildFile section */

/* Begin PBXFileReference section */
		2180190B2A7265FA002BF761 /* ConcurrencyBC.app */ = {isa = PBXFileReference; explicitFileType = wrapper.application; includeInIndex = 0; path = ConcurrencyBC.app; sourceTree = BUILT_PRODUCTS_DIR; };
		2180190E2A7265FA002BF761 /* ConcurrencyBCApp.swift */ = {isa = PBXFileReference; lastKnownFileType = sourcecode.swift; path = ConcurrencyBCApp.swift; sourceTree = "<group>"; };
		218019102A7265FA002BF761 /* ContentView.swift */ = {isa = PBXFileReference; lastKnownFileType = sourcecode.swift; path = ContentView.swift; sourceTree = "<group>"; };
		218019122A7265FD002BF761 /* Assets.xcassets */ = {isa = PBXFileReference; lastKnownFileType = folder.assetcatalog; path = Assets.xcassets; sourceTree = "<group>"; };
		218019152A7265FD002BF761 /* Preview Assets.xcassets */ = {isa = PBXFileReference; lastKnownFileType = folder.assetcatalog; path = "Preview Assets.xcassets"; sourceTree = "<group>"; };
		2180191C2A726617002BF761 /* DoCatchTryThrowBC.swift */ = {isa = PBXFileReference; lastKnownFileType = sourcecode.swift; path = DoCatchTryThrowBC.swift; sourceTree = "<group>"; };
		21A602682A79234E00A9E08F /* TaskBC.swift */ = {isa = PBXFileReference; lastKnownFileType = sourcecode.swift; path = TaskBC.swift; sourceTree = "<group>"; };
		21A6026A2A79372300A9E08F /* AsyncLetBC.swift */ = {isa = PBXFileReference; lastKnownFileType = sourcecode.swift; path = AsyncLetBC.swift; sourceTree = "<group>"; };
		21A6026C2A7950F800A9E08F /* TaskGroupBC.swift */ = {isa = PBXFileReference; lastKnownFileType = sourcecode.swift; path = TaskGroupBC.swift; sourceTree = "<group>"; };
		21CAC4DD2A78F0CF008F005C /* DownloadImageAsync.swift */ = {isa = PBXFileReference; lastKnownFileType = sourcecode.swift; path = DownloadImageAsync.swift; sourceTree = "<group>"; };
		21CAC4DF2A79028B008F005C /* AsyncAwaitBC.swift */ = {isa = PBXFileReference; lastKnownFileType = sourcecode.swift; path = AsyncAwaitBC.swift; sourceTree = "<group>"; };
/* End PBXFileReference section */

/* Begin PBXFrameworksBuildPhase section */
		218019082A7265FA002BF761 /* Frameworks */ = {
			isa = PBXFrameworksBuildPhase;
			buildActionMask = 2147483647;
			files = (
			);
			runOnlyForDeploymentPostprocessing = 0;
		};
/* End PBXFrameworksBuildPhase section */

/* Begin PBXGroup section */
		218019022A7265F9002BF761 = {
			isa = PBXGroup;
			children = (
				2180190D2A7265FA002BF761 /* ConcurrencyBC */,
				2180190C2A7265FA002BF761 /* Products */,
			);
			sourceTree = "<group>";
		};
		2180190C2A7265FA002BF761 /* Products */ = {
			isa = PBXGroup;
			children = (
				2180190B2A7265FA002BF761 /* ConcurrencyBC.app */,
			);
			name = Products;
			sourceTree = "<group>";
		};
		2180190D2A7265FA002BF761 /* ConcurrencyBC */ = {
			isa = PBXGroup;
			children = (
				2180190E2A7265FA002BF761 /* ConcurrencyBCApp.swift */,
				2180191C2A726617002BF761 /* DoCatchTryThrowBC.swift */,
				21A6026A2A79372300A9E08F /* AsyncLetBC.swift */,
				21A602682A79234E00A9E08F /* TaskBC.swift */,
				21CAC4DF2A79028B008F005C /* AsyncAwaitBC.swift */,
				21A6026C2A7950F800A9E08F /* TaskGroupBC.swift */,
				21CAC4DD2A78F0CF008F005C /* DownloadImageAsync.swift */,
				218019102A7265FA002BF761 /* ContentView.swift */,
				218019122A7265FD002BF761 /* Assets.xcassets */,
				218019142A7265FD002BF761 /* Preview Content */,
			);
			path = ConcurrencyBC;
			sourceTree = "<group>";
		};
		218019142A7265FD002BF761 /* Preview Content */ = {
			isa = PBXGroup;
			children = (
				218019152A7265FD002BF761 /* Preview Assets.xcassets */,
			);
			path = "Preview Content";
			sourceTree = "<group>";
		};
/* End PBXGroup section */

/* Begin PBXNativeTarget section */
		2180190A2A7265FA002BF761 /* ConcurrencyBC */ = {
			isa = PBXNativeTarget;
			buildConfigurationList = 218019192A7265FD002BF761 /* Build configuration list for PBXNativeTarget "ConcurrencyBC" */;
			buildPhases = (
				218019072A7265FA002BF761 /* Sources */,
				218019082A7265FA002BF761 /* Frameworks */,
				218019092A7265FA002BF761 /* Resources */,
			);
			buildRules = (
			);
			dependencies = (
			);
			name = ConcurrencyBC;
			productName = ConcurrencyBC;
			productReference = 2180190B2A7265FA002BF761 /* ConcurrencyBC.app */;
			productType = "com.apple.product-type.application";
		};
/* End PBXNativeTarget section */

/* Begin PBXProject section */
		218019032A7265F9002BF761 /* Project object */ = {
			isa = PBXProject;
			attributes = {
				BuildIndependentTargetsInParallel = 1;
				LastSwiftUpdateCheck = 1430;
				LastUpgradeCheck = 1430;
				TargetAttributes = {
					2180190A2A7265FA002BF761 = {
						CreatedOnToolsVersion = 14.3.1;
					};
				};
			};
			buildConfigurationList = 218019062A7265F9002BF761 /* Build configuration list for PBXProject "ConcurrencyBC" */;
			compatibilityVersion = "Xcode 14.0";
			developmentRegion = en;
			hasScannedForEncodings = 0;
			knownRegions = (
				en,
				Base,
			);
			mainGroup = 218019022A7265F9002BF761;
			productRefGroup = 2180190C2A7265FA002BF761 /* Products */;
			projectDirPath = "";
			projectRoot = "";
			targets = (
				2180190A2A7265FA002BF761 /* ConcurrencyBC */,
			);
		};
/* End PBXProject section */

/* Begin PBXResourcesBuildPhase section */
		218019092A7265FA002BF761 /* Resources */ = {
			isa = PBXResourcesBuildPhase;
			buildActionMask = 2147483647;
			files = (
				218019162A7265FD002BF761 /* Preview Assets.xcassets in Resources */,
				218019132A7265FD002BF761 /* Assets.xcassets in Resources */,
			);
			runOnlyForDeploymentPostprocessing = 0;
		};
/* End PBXResourcesBuildPhase section */

/* Begin PBXSourcesBuildPhase section */
		218019072A7265FA002BF761 /* Sources */ = {
			isa = PBXSourcesBuildPhase;
			buildActionMask = 2147483647;
			files = (
				21CAC4DE2A78F0CF008F005C /* DownloadImageAsync.swift in Sources */,
				21A6026D2A7950F800A9E08F /* TaskGroupBC.swift in Sources */,
				218019112A7265FA002BF761 /* ContentView.swift in Sources */,
				21CAC4E02A79028B008F005C /* AsyncAwaitBC.swift in Sources */,
				21A6026B2A79372300A9E08F /* AsyncLetBC.swift in Sources */,
				21A602692A79234E00A9E08F /* TaskBC.swift in Sources */,
				2180190F2A7265FA002BF761 /* ConcurrencyBCApp.swift in Sources */,
				2180191D2A726617002BF761 /* DoCatchTryThrowBC.swift in Sources */,
			);
			runOnlyForDeploymentPostprocessing = 0;
		};
/* End PBXSourcesBuildPhase section */

/* Begin XCBuildConfiguration section */
		218019172A7265FD002BF761 /* Debug */ = {
			isa = XCBuildConfiguration;
			buildSettings = {
				ALWAYS_SEARCH_USER_PATHS = NO;
				CLANG_ANALYZER_NONNULL = YES;
				CLANG_ANALYZER_NUMBER_OBJECT_CONVERSION = YES_AGGRESSIVE;
				CLANG_CXX_LANGUAGE_STANDARD = "gnu++20";
				CLANG_ENABLE_MODULES = YES;
				CLANG_ENABLE_OBJC_ARC = YES;
				CLANG_ENABLE_OBJC_WEAK = YES;
				CLANG_WARN_BLOCK_CAPTURE_AUTORELEASING = YES;
				CLANG_WARN_BOOL_CONVERSION = YES;
				CLANG_WARN_COMMA = YES;
				CLANG_WARN_CONSTANT_CONVERSION = YES;
				CLANG_WARN_DEPRECATED_OBJC_IMPLEMENTATIONS = YES;
				CLANG_WARN_DIRECT_OBJC_ISA_USAGE = YES_ERROR;
				CLANG_WARN_DOCUMENTATION_COMMENTS = YES;
				CLANG_WARN_EMPTY_BODY = YES;
				CLANG_WARN_ENUM_CONVERSION = YES;
				CLANG_WARN_INFINITE_RECURSION = YES;
				CLANG_WARN_INT_CONVERSION = YES;
				CLANG_WARN_NON_LITERAL_NULL_CONVERSION = YES;
				CLANG_WARN_OBJC_IMPLICIT_RETAIN_SELF = YES;
				CLANG_WARN_OBJC_LITERAL_CONVERSION = YES;
				CLANG_WARN_OBJC_ROOT_CLASS = YES_ERROR;
				CLANG_WARN_QUOTED_INCLUDE_IN_FRAMEWORK_HEADER = YES;
				CLANG_WARN_RANGE_LOOP_ANALYSIS = YES;
				CLANG_WARN_STRICT_PROTOTYPES = YES;
				CLANG_WARN_SUSPICIOUS_MOVE = YES;
				CLANG_WARN_UNGUARDED_AVAILABILITY = YES_AGGRESSIVE;
				CLANG_WARN_UNREACHABLE_CODE = YES;
				CLANG_WARN__DUPLICATE_METHOD_MATCH = YES;
				COPY_PHASE_STRIP = NO;
				DEBUG_INFORMATION_FORMAT = dwarf;
				ENABLE_STRICT_OBJC_MSGSEND = YES;
				ENABLE_TESTABILITY = YES;
				GCC_C_LANGUAGE_STANDARD = gnu11;
				GCC_DYNAMIC_NO_PIC = NO;
				GCC_NO_COMMON_BLOCKS = YES;
				GCC_OPTIMIZATION_LEVEL = 0;
				GCC_PREPROCESSOR_DEFINITIONS = (
					"DEBUG=1",
					"$(inherited)",
				);
				GCC_WARN_64_TO_32_BIT_CONVERSION = YES;
				GCC_WARN_ABOUT_RETURN_TYPE = YES_ERROR;
				GCC_WARN_UNDECLARED_SELECTOR = YES;
				GCC_WARN_UNINITIALIZED_AUTOS = YES_AGGRESSIVE;
				GCC_WARN_UNUSED_FUNCTION = YES;
				GCC_WARN_UNUSED_VARIABLE = YES;
				IPHONEOS_DEPLOYMENT_TARGET = 16.4;
				MTL_ENABLE_DEBUG_INFO = INCLUDE_SOURCE;
				MTL_FAST_MATH = YES;
				ONLY_ACTIVE_ARCH = YES;
				SDKROOT = iphoneos;
				SWIFT_ACTIVE_COMPILATION_CONDITIONS = DEBUG;
				SWIFT_OPTIMIZATION_LEVEL = "-Onone";
			};
			name = Debug;
		};
		218019182A7265FD002BF761 /* Release */ = {
			isa = XCBuildConfiguration;
			buildSettings = {
				ALWAYS_SEARCH_USER_PATHS = NO;
				CLANG_ANALYZER_NONNULL = YES;
				CLANG_ANALYZER_NUMBER_OBJECT_CONVERSION = YES_AGGRESSIVE;
				CLANG_CXX_LANGUAGE_STANDARD = "gnu++20";
				CLANG_ENABLE_MODULES = YES;
				CLANG_ENABLE_OBJC_ARC = YES;
				CLANG_ENABLE_OBJC_WEAK = YES;
				CLANG_WARN_BLOCK_CAPTURE_AUTORELEASING = YES;
				CLANG_WARN_BOOL_CONVERSION = YES;
				CLANG_WARN_COMMA = YES;
				CLANG_WARN_CONSTANT_CONVERSION = YES;
				CLANG_WARN_DEPRECATED_OBJC_IMPLEMENTATIONS = YES;
				CLANG_WARN_DIRECT_OBJC_ISA_USAGE = YES_ERROR;
				CLANG_WARN_DOCUMENTATION_COMMENTS = YES;
				CLANG_WARN_EMPTY_BODY = YES;
				CLANG_WARN_ENUM_CONVERSION = YES;
				CLANG_WARN_INFINITE_RECURSION = YES;
				CLANG_WARN_INT_CONVERSION = YES;
				CLANG_WARN_NON_LITERAL_NULL_CONVERSION = YES;
				CLANG_WARN_OBJC_IMPLICIT_RETAIN_SELF = YES;
				CLANG_WARN_OBJC_LITERAL_CONVERSION = YES;
				CLANG_WARN_OBJC_ROOT_CLASS = YES_ERROR;
				CLANG_WARN_QUOTED_INCLUDE_IN_FRAMEWORK_HEADER = YES;
				CLANG_WARN_RANGE_LOOP_ANALYSIS = YES;
				CLANG_WARN_STRICT_PROTOTYPES = YES;
				CLANG_WARN_SUSPICIOUS_MOVE = YES;
				CLANG_WARN_UNGUARDED_AVAILABILITY = YES_AGGRESSIVE;
				CLANG_WARN_UNREACHABLE_CODE = YES;
				CLANG_WARN__DUPLICATE_METHOD_MATCH = YES;
				COPY_PHASE_STRIP = NO;
				DEBUG_INFORMATION_FORMAT = "dwarf-with-dsym";
				ENABLE_NS_ASSERTIONS = NO;
				ENABLE_STRICT_OBJC_MSGSEND = YES;
				GCC_C_LANGUAGE_STANDARD = gnu11;
				GCC_NO_COMMON_BLOCKS = YES;
				GCC_WARN_64_TO_32_BIT_CONVERSION = YES;
				GCC_WARN_ABOUT_RETURN_TYPE = YES_ERROR;
				GCC_WARN_UNDECLARED_SELECTOR = YES;
				GCC_WARN_UNINITIALIZED_AUTOS = YES_AGGRESSIVE;
				GCC_WARN_UNUSED_FUNCTION = YES;
				GCC_WARN_UNUSED_VARIABLE = YES;
				IPHONEOS_DEPLOYMENT_TARGET = 16.4;
				MTL_ENABLE_DEBUG_INFO = NO;
				MTL_FAST_MATH = YES;
				SDKROOT = iphoneos;
				SWIFT_COMPILATION_MODE = wholemodule;
				SWIFT_OPTIMIZATION_LEVEL = "-O";
				VALIDATE_PRODUCT = YES;
			};
			name = Release;
		};
		2180191A2A7265FD002BF761 /* Debug */ = {
			isa = XCBuildConfiguration;
			buildSettings = {
				ASSETCATALOG_COMPILER_APPICON_NAME = AppIcon;
				ASSETCATALOG_COMPILER_GLOBAL_ACCENT_COLOR_NAME = AccentColor;
				CODE_SIGN_STYLE = Automatic;
				CURRENT_PROJECT_VERSION = 1;
				DEVELOPMENT_ASSET_PATHS = "\"ConcurrencyBC/Preview Content\"";
				ENABLE_PREVIEWS = YES;
				GENERATE_INFOPLIST_FILE = YES;
				INFOPLIST_KEY_UIApplicationSceneManifest_Generation = YES;
				INFOPLIST_KEY_UIApplicationSupportsIndirectInputEvents = YES;
				INFOPLIST_KEY_UILaunchScreen_Generation = YES;
				INFOPLIST_KEY_UISupportedInterfaceOrientations_iPad = "UIInterfaceOrientationPortrait UIInterfaceOrientationPortraitUpsideDown UIInterfaceOrientationLandscapeLeft UIInterfaceOrientationLandscapeRight";
				INFOPLIST_KEY_UISupportedInterfaceOrientations_iPhone = "UIInterfaceOrientationPortrait UIInterfaceOrientationLandscapeLeft UIInterfaceOrientationLandscapeRight";
				LD_RUNPATH_SEARCH_PATHS = (
					"$(inherited)",
					"@executable_path/Frameworks",
				);
				MARKETING_VERSION = 1.0;
				PRODUCT_BUNDLE_IDENTIFIER = com.mo.aziz.ConcurrencyBC;
				PRODUCT_NAME = "$(TARGET_NAME)";
				SWIFT_EMIT_LOC_STRINGS = YES;
				SWIFT_VERSION = 5.0;
				TARGETED_DEVICE_FAMILY = "1,2";
			};
			name = Debug;
		};
		2180191B2A7265FD002BF761 /* Release */ = {
			isa = XCBuildConfiguration;
			buildSettings = {
				ASSETCATALOG_COMPILER_APPICON_NAME = AppIcon;
				ASSETCATALOG_COMPILER_GLOBAL_ACCENT_COLOR_NAME = AccentColor;
				CODE_SIGN_STYLE = Automatic;
				CURRENT_PROJECT_VERSION = 1;
				DEVELOPMENT_ASSET_PATHS = "\"ConcurrencyBC/Preview Content\"";
				ENABLE_PREVIEWS = YES;
				GENERATE_INFOPLIST_FILE = YES;
				INFOPLIST_KEY_UIApplicationSceneManifest_Generation = YES;
				INFOPLIST_KEY_UIApplicationSupportsIndirectInputEvents = YES;
				INFOPLIST_KEY_UILaunchScreen_Generation = YES;
				INFOPLIST_KEY_UISupportedInterfaceOrientations_iPad = "UIInterfaceOrientationPortrait UIInterfaceOrientationPortraitUpsideDown UIInterfaceOrientationLandscapeLeft UIInterfaceOrientationLandscapeRight";
				INFOPLIST_KEY_UISupportedInterfaceOrientations_iPhone = "UIInterfaceOrientationPortrait UIInterfaceOrientationLandscapeLeft UIInterfaceOrientationLandscapeRight";
				LD_RUNPATH_SEARCH_PATHS = (
					"$(inherited)",
					"@executable_path/Frameworks",
				);
				MARKETING_VERSION = 1.0;
				PRODUCT_BUNDLE_IDENTIFIER = com.mo.aziz.ConcurrencyBC;
				PRODUCT_NAME = "$(TARGET_NAME)";
				SWIFT_EMIT_LOC_STRINGS = YES;
				SWIFT_VERSION = 5.0;
				TARGETED_DEVICE_FAMILY = "1,2";
			};
			name = Release;
		};
/* End XCBuildConfiguration section */

/* Begin XCConfigurationList section */
		218019062A7265F9002BF761 /* Build configuration list for PBXProject "ConcurrencyBC" */ = {
			isa = XCConfigurationList;
			buildConfigurations = (
				218019172A7265FD002BF761 /* Debug */,
				218019182A7265FD002BF761 /* Release */,
			);
			defaultConfigurationIsVisible = 0;
			defaultConfigurationName = Release;
		};
		218019192A7265FD002BF761 /* Build configuration list for PBXNativeTarget "ConcurrencyBC" */ = {
			isa = XCConfigurationList;
			buildConfigurations = (
				2180191A2A7265FD002BF761 /* Debug */,
				2180191B2A7265FD002BF761 /* Release */,
			);
			defaultConfigurationIsVisible = 0;
			defaultConfigurationName = Release;
		};
/* End XCConfigurationList section */
	};
	rootObject = 218019032A7265F9002BF761 /* Project object */;
}
